lockfileVersion: 5.4

importers:

  .:
    specifiers: {}

  ../../mock-store:
    specifiers:
      '@subsquid/util-internal-processor-tools': ~4.0.0
      '@types/node': ^18.18.14
      typescript: ~5.3.2
    dependencies:
      '@subsquid/util-internal-processor-tools': 4.0.0
    devDependencies:
      '@types/node': 18.19.8
      typescript: 5.3.3

packages:

  /@subsquid/logger/1.3.2:
    resolution: {integrity: sha512-5YPdeRu0WD9iBak+r3S8blBeg2uyliPUlmCjj/ZE6dpXmXsSN9T+ZYrNeDr9eAbRV7OXVI49lSfCuAGenFcYjQ==}
    dependencies:
      '@subsquid/util-internal-hex': 1.2.2
      '@subsquid/util-internal-json': 1.2.2
      supports-color: 8.1.1
    dev: false

  /@subsquid/util-internal-binary-heap/1.0.0:
    resolution: {integrity: sha512-88auuc8yNFmCZugmJSTYzS7WM/nN2obKGQCgrl8Jty5rJUFbqazGSi8icqftKhv6MPtUMJ3PSTRLiTFXAUGnAA==}
    dev: false

  /@subsquid/util-internal-counters/1.3.2:
    resolution: {integrity: sha512-GxpOIL36JXSo0KdOT7k6CsI4DY804rn/X7pTdfKhych0ReHaDghnwNyvgb7Njv9euEHWUt4MxXbfQ9YrbpPDng==}
    dev: false

  /@subsquid/util-internal-hex/1.2.2:
    resolution: {integrity: sha512-E43HVqf23jP5hvtWF9GsiN8luANjnJ1daR2SVTwaIUAYU/uNjv1Bi6tHz2uexlflBhyxAgBDmHgunXZ45wQTIw==}
    dev: false

  /@subsquid/util-internal-http-server/1.2.2:
    resolution: {integrity: sha512-B2SOSz8frUkXarbsELljew25iXFFyATEtS8NV31xKUXmhYfPklqrcF4YNJ/aLlfCtVOiR042YKVZDx2T8RbN6w==}
    dependencies:
      stoppable: 1.1.0
    dev: false

  /@subsquid/util-internal-json/1.2.2:
    resolution: {integrity: sha512-+axQnlkIzscdy0T/vR1Dez/2NVCryWgB3OocMGJcx2GjhHVkmuJSLFqOdk9o90OocfQFC57NTZx22oa2yd+4Yw==}
    dependencies:
      '@subsquid/util-internal-hex': 1.2.2
    dev: false

  /@subsquid/util-internal-processor-tools/4.0.0:
    resolution: {integrity: sha512-2azcdJIQQSDKAra0ct0QGCp4cYnsdbqOeIroIdvnOxs4HhOp6XkXEMg/NQ2tRGVW8yJEmn2bUvd5i8S1WBjDZA==}
    dependencies:
      '@subsquid/logger': 1.3.2
      '@subsquid/util-internal': 3.0.0
      '@subsquid/util-internal-counters': 1.3.2
      '@subsquid/util-internal-prometheus-server': 1.2.2_prom-client@14.2.0
      '@subsquid/util-internal-range': 0.1.0
      prom-client: 14.2.0
    dev: false

  /@subsquid/util-internal-prometheus-server/1.2.2_prom-client@14.2.0:
    resolution: {integrity: sha512-KOjokVhs+qJOZSkM+NPZ/XE5bGvEGGJkVbMaJJfaZ+UfZQPQDfVJrI2rPV5D9FwzctxKG9b7lPArryBIUsgrZw==}
    peerDependencies:
      prom-client: ^14.2.0
    dependencies:
      '@subsquid/util-internal-http-server': 1.2.2
      prom-client: 14.2.0
    dev: false

  /@subsquid/util-internal-range/0.1.0:
    resolution: {integrity: sha512-+pJeJyH0oetqu2eRwOkP7NCSaCGzLpCCNpS9Fwi968RL+LfWSKn+wGUX6Ulf0afSslvrQ/34ZtyWdjyya1AGxA==}
    dependencies:
      '@subsquid/util-internal': 3.0.0
      '@subsquid/util-internal-binary-heap': 1.0.0
    dev: false

  /@subsquid/util-internal/3.0.0:
    resolution: {integrity: sha512-aGPTiLF21N9f67DgHS4PBR8d6mdvXHTOIhr2mFQPX7GQCgZhNlCZDM/1Sqn+teJawCy3w6Y9f6KOtVbN4T5SFQ==}
    dev: false

  /@types/node/18.19.8:
    resolution: {integrity: sha512-g1pZtPhsvGVTwmeVoexWZLTQaOvXwoSq//pTL0DHeNzUDrFnir4fgETdhjhIxjVnN+hKOuh98+E1eMLnUXstFg==}
    dependencies:
      undici-types: 5.26.5
    dev: true

  /bintrees/1.0.2:
    resolution: {integrity: sha512-VOMgTMwjAaUG580SXn3LacVgjurrbMme7ZZNYGSSV7mmtY6QQRh0Eg3pwIcntQ77DErK1L0NxkbetjcoXzVwKw==}
    dev: false

  /has-flag/4.0.0:
    resolution: {integrity: sha512-EykJT/Q1KjTWctppgIAgfSO0tKVuZUjhgMr17kqTumMl6Afv3EISleU7qZUzoXDFTAHTDC4NOoG/ZxU3EvlMPQ==}
    engines: {node: '>=8'}
    dev: false

  /prom-client/14.2.0:
    resolution: {integrity: sha512-sF308EhTenb/pDRPakm+WgiN+VdM/T1RaHj1x+MvAuT8UiQP8JmOEbxVqtkbfR4LrvOg5n7ic01kRBDGXjYikA==}
    engines: {node: '>=10'}
    dependencies:
      tdigest: 0.1.2
    dev: false

  /stoppable/1.1.0:
    resolution: {integrity: sha512-KXDYZ9dszj6bzvnEMRYvxgeTHU74QBFL54XKtP3nyMuJ81CFYtABZ3bAzL2EdFUaEwJOBOgENyFj3R7oTzDyyw==}
    engines: {node: '>=4', npm: '>=6'}
    dev: false

  /supports-color/8.1.1:
    resolution: {integrity: sha512-MpUEN2OodtUzxvKQl72cUF7RQ5EiHsGvSsVG0ia9c5RbWGL2CI4C7EpPS8UTBIplnlzZiNuV56w+FuNxy3ty2Q==}
    engines: {node: '>=10'}
    dependencies:
      has-flag: 4.0.0
    dev: false

  /tdigest/0.1.2:
    resolution: {integrity: sha512-+G0LLgjjo9BZX2MfdvPfH+MKLCrxlXSYec5DaPYP1fe6Iyhf0/fSmJ0bFiZ1F8BT6cGXl2LpltQptzjXKWEkKA==}
    dependencies:
      bintrees: 1.0.2
    dev: false

  /typescript/5.3.3:
    resolution: {integrity: sha512-pXWcraxM0uxAS+tN0AG/BF2TyqmHO014Z070UsJ+pFvYuRSq8KH8DmWpnbXe0pEPDHXZV3FcAbJkijJ5oNEnWw==}
    engines: {node: '>=14.17'}
    hasBin: true
    dev: true

  /undici-types/5.26.5:
    resolution: {integrity: sha512-JlCMO+ehdEIKqlFxk6IfVoAUVmgz7cU7zD/h9XZ0qzeosSHmUJVOzSQvvYSYWXkFXC+IfLKSIffhv0sVZup6pA==}
    dev: true
